
Microsoft Visual Studio Solution File, Format Version 12.00
# Visual Studio 15
Project("{FAE04EC0-301F-11D3-BF4B-00C04F79EFBC}") = "AlgorithmsSoftuni", "AlgorithmsSoftuni.csproj", "{FBFCB403-9453-4274-9283-9B81CD1BE1E4}"
EndProject
Global
	GlobalSection(SolutionConfigurationPlatforms) = preSolution
		Debug|Any CPU = Debug|Any CPU
		Release|Any CPU = Release|Any CPU
	EndGlobalSection
	GlobalSection(ProjectConfigurationPlatforms) = postSolution
		{FBFCB403-9453-4274-9283-9B81CD1BE1E4}.Debug|Any CPU.ActiveCfg = Debug|Any CPU
		{FBFCB403-9453-4274-9283-9B81CD1BE1E4}.Debug|Any CPU.Build.0 = Debug|Any CPU
		{FBFCB403-9453-4274-9283-9B81CD1BE1E4}.Release|Any CPU.ActiveCfg = Release|Any CPU
		{FBFCB403-9453-4274-9283-9B81CD1BE1E4}.Release|Any CPU.Build.0 = Release|Any CPU
	EndGlobalSection
EndGlobal
